
Microsoft Visual Studio Solution File, Format Version 12.00
# Visual Studio Version 17
VisualStudioVersion = 17.1.32414.318
MinimumVisualStudioVersion = 10.0.40219.1
Project("{FAE04EC0-301F-11D3-BF4B-00C04F79EFBC}") = "GraphicsAnimation", "WindowsFormsApp2\GraphicsAnimation.csproj", "{DA072A48-D145-4479-8750-5C439700B016}"
EndProject
Global
	GlobalSection(SolutionConfigurationPlatforms) = preSolution
		Debug|Any CPU = Debug|Any CPU
		Release|Any CPU = Release|Any CPU
	EndGlobalSection
	GlobalSection(ProjectConfigurationPlatforms) = postSolution
		{DA072A48-D145-4479-8750-5C439700B016}.Debug|Any CPU.ActiveCfg = Debug|Any CPU
		{DA072A48-D145-4479-8750-5C439700B016}.Debug|Any CPU.Build.0 = Debug|Any CPU
		{DA072A48-D145-4479-8750-5C439700B016}.Release|Any CPU.ActiveCfg = Release|Any CPU
		{DA072A48-D145-4479-8750-5C439700B016}.Release|Any CPU.Build.0 = Release|Any CPU
	EndGlobalSection
	GlobalSection(SolutionProperties) = preSolution
		HideSolutionNode = FALSE
	EndGlobalSection
	GlobalSection(ExtensibilityGlobals) = postSolution
		SolutionGuid = {56A410CD-5CD3-4EFA-8CBA-C30E9CC5CD08}
	EndGlobalSection
EndGlobal
